
Microsoft Visual Studio Solution File, Format Version 12.00
# Visual Studio Version 16
VisualStudioVersion = 16.0.29721.120
MinimumVisualStudioVersion = 10.0.40219.1
Project("{FAE04EC0-301F-11D3-BF4B-00C04F79EFBC}") = "NfcVehicleParkingAPi", "NfcVehicleParkingAPi\NfcVehicleParkingAPi.csproj", "{D669BAF2-E8CC-411E-BAA3-98E349310DC2}"
EndProject
Global
	GlobalSection(SolutionConfigurationPlatforms) = preSolution
		Debug|Any CPU = Debug|Any CPU
		Release|Any CPU = Release|Any CPU
	EndGlobalSection
	GlobalSection(ProjectConfigurationPlatforms) = postSolution
		{D669BAF2-E8CC-411E-BAA3-98E349310DC2}.Debug|Any CPU.ActiveCfg = Debug|Any CPU
		{D669BAF2-E8CC-411E-BAA3-98E349310DC2}.Debug|Any CPU.Build.0 = Debug|Any CPU
		{D669BAF2-E8CC-411E-BAA3-98E349310DC2}.Release|Any CPU.ActiveCfg = Release|Any CPU
		{D669BAF2-E8CC-411E-BAA3-98E349310DC2}.Release|Any CPU.Build.0 = Release|Any CPU
	EndGlobalSection
	GlobalSection(SolutionProperties) = preSolution
		HideSolutionNode = FALSE
	EndGlobalSection
	GlobalSection(ExtensibilityGlobals) = postSolution
		SolutionGuid = {6F25A6D4-4CFA-4122-91C8-3E97B5B5C7BE}
	EndGlobalSection
EndGlobal
